
Microsoft Visual Studio Solution File, Format Version 12.00
# Visual Studio Version 17
VisualStudioVersion = 17.0.32126.317
MinimumVisualStudioVersion = 10.0.40219.1
Project("{FAE04EC0-301F-11D3-BF4B-00C04F79EFBC}") = "CursoCSharp", "CursoCSharp\CursoCSharp.csproj", "{67628503-A496-4B19-B877-16264102828B}"
EndProject
Global
	GlobalSection(SolutionConfigurationPlatforms) = preSolution
		Debug|Any CPU = Debug|Any CPU
		Release|Any CPU = Release|Any CPU
	EndGlobalSection
	GlobalSection(ProjectConfigurationPlatforms) = postSolution
		{67628503-A496-4B19-B877-16264102828B}.Debug|Any CPU.ActiveCfg = Debug|Any CPU
		{67628503-A496-4B19-B877-16264102828B}.Debug|Any CPU.Build.0 = Debug|Any CPU
		{67628503-A496-4B19-B877-16264102828B}.Release|Any CPU.ActiveCfg = Release|Any CPU
		{67628503-A496-4B19-B877-16264102828B}.Release|Any CPU.Build.0 = Release|Any CPU
	EndGlobalSection
	GlobalSection(SolutionProperties) = preSolution
		HideSolutionNode = FALSE
	EndGlobalSection
	GlobalSection(ExtensibilityGlobals) = postSolution
		SolutionGuid = {8333F6B3-6067-4BC0-BFC9-7234607DE9C4}
	EndGlobalSection
EndGlobal
